// !$*UTF8*$!
{
	archiveVersion = 1;
	classes = {
	};
	objectVersion = 50;
	objects = {

/* Begin PBXBuildFile section */
		030912AC2456C5C000DC6CD1 /* Default-568h@2x.png in Resources */ = {isa = PBXBuildFile; fileRef = 030912AB2456C5C000DC6CD1 /* Default-568h@2x.png */; };
		03350F66244C13BE0022396D /* AppDelegate.swift in Sources */ = {isa = PBXBuildFile; fileRef = 03350F65244C13BE0022396D /* AppDelegate.swift */; };
		03350F6A244C13BE0022396D /* MainViewController.swift in Sources */ = {isa = PBXBuildFile; fileRef = 03350F69244C13BE0022396D /* MainViewController.swift */; };
		03350F72244C13BE0022396D /* Assets.xcassets in Resources */ = {isa = PBXBuildFile; fileRef = 03350F71244C13BE0022396D /* Assets.xcassets */; };
		03350F75244C13BE0022396D /* LaunchScreen.storyboard in Resources */ = {isa = PBXBuildFile; fileRef = 03350F73244C13BE0022396D /* LaunchScreen.storyboard */; };
		03350F9F244C1AB50022396D /* UserModel.swift in Sources */ = {isa = PBXBuildFile; fileRef = 03350F9E244C1AB50022396D /* UserModel.swift */; };
		03350FA1244C1C7B0022396D /* CustomTableCell.swift in Sources */ = {isa = PBXBuildFile; fileRef = 03350FA0244C1C7B0022396D /* CustomTableCell.swift */; };
		03350FA3244C1D070022396D /* ServiceManager.swift in Sources */ = {isa = PBXBuildFile; fileRef = 03350FA2244C1D070022396D /* ServiceManager.swift */; };
		03350FA5244C20080022396D /* TTAppConfig.swift in Sources */ = {isa = PBXBuildFile; fileRef = 03350FA4244C20080022396D /* TTAppConfig.swift */; };
		03350FAB244C23800022396D /* TTUIColorExtension.swift in Sources */ = {isa = PBXBuildFile; fileRef = 03350FAA244C23800022396D /* TTUIColorExtension.swift */; };
		03350FAD244C23F70022396D /* TTUIImageViewExtension.swift in Sources */ = {isa = PBXBuildFile; fileRef = 03350FAC244C23F70022396D /* TTUIImageViewExtension.swift */; };
		03350FAF244C241A0022396D /* TTUIViewExtension.swift in Sources */ = {isa = PBXBuildFile; fileRef = 03350FAE244C241A0022396D /* TTUIViewExtension.swift */; };
		038570B1245808AE0085CA42 /* TelstraTestAppTests.swift in Sources */ = {isa = PBXBuildFile; fileRef = 038570B0245808AE0085CA42 /* TelstraTestAppTests.swift */; };
/* End PBXBuildFile section */

/* Begin PBXContainerItemProxy section */
		038570B3245808AE0085CA42 /* PBXContainerItemProxy */ = {
			isa = PBXContainerItemProxy;
			containerPortal = 03350F5A244C13BE0022396D /* Project object */;
			proxyType = 1;
			remoteGlobalIDString = 03350F61244C13BE0022396D;
			remoteInfo = TelstraTestApp;
		};
/* End PBXContainerItemProxy section */

/* Begin PBXFileReference section */
		030912AB2456C5C000DC6CD1 /* Default-568h@2x.png */ = {isa = PBXFileReference; lastKnownFileType = image.png; path = "Default-568h@2x.png"; sourceTree = "<group>"; };
		03350F62244C13BE0022396D /* TelstraTestApp.app */ = {isa = PBXFileReference; explicitFileType = wrapper.application; includeInIndex = 0; path = TelstraTestApp.app; sourceTree = BUILT_PRODUCTS_DIR; };
		03350F65244C13BE0022396D /* AppDelegate.swift */ = {isa = PBXFileReference; lastKnownFileType = sourcecode.swift; path = AppDelegate.swift; sourceTree = "<group>"; };
		03350F69244C13BE0022396D /* MainViewController.swift */ = {isa = PBXFileReference; lastKnownFileType = sourcecode.swift; path = MainViewController.swift; sourceTree = "<group>"; };
		03350F71244C13BE0022396D /* Assets.xcassets */ = {isa = PBXFileReference; lastKnownFileType = folder.assetcatalog; path = Assets.xcassets; sourceTree = "<group>"; };
		03350F74244C13BE0022396D /* Base */ = {isa = PBXFileReference; lastKnownFileType = file.storyboard; name = Base; path = Base.lproj/LaunchScreen.storyboard; sourceTree = "<group>"; };
		03350F76244C13BE0022396D /* Info.plist */ = {isa = PBXFileReference; lastKnownFileType = text.plist.xml; path = Info.plist; sourceTree = "<group>"; };
		03350F9E244C1AB50022396D /* UserModel.swift */ = {isa = PBXFileReference; lastKnownFileType = sourcecode.swift; path = UserModel.swift; sourceTree = "<group>"; };
		03350FA0244C1C7B0022396D /* CustomTableCell.swift */ = {isa = PBXFileReference; lastKnownFileType = sourcecode.swift; path = CustomTableCell.swift; sourceTree = "<group>"; };
		03350FA2244C1D070022396D /* ServiceManager.swift */ = {isa = PBXFileReference; lastKnownFileType = sourcecode.swift; path = ServiceManager.swift; sourceTree = "<group>"; };
		03350FA4244C20080022396D /* TTAppConfig.swift */ = {isa = PBXFileReference; lastKnownFileType = sourcecode.swift; path = TTAppConfig.swift; sourceTree = "<group>"; };
		03350FAA244C23800022396D /* TTUIColorExtension.swift */ = {isa = PBXFileReference; lastKnownFileType = sourcecode.swift; path = TTUIColorExtension.swift; sourceTree = "<group>"; };
		03350FAC244C23F70022396D /* TTUIImageViewExtension.swift */ = {isa = PBXFileReference; lastKnownFileType = sourcecode.swift; path = TTUIImageViewExtension.swift; sourceTree = "<group>"; };
		03350FAE244C241A0022396D /* TTUIViewExtension.swift */ = {isa = PBXFileReference; lastKnownFileType = sourcecode.swift; path = TTUIViewExtension.swift; sourceTree = "<group>"; };
		038570AE245808AE0085CA42 /* TelstraTestAppTests.xctest */ = {isa = PBXFileReference; explicitFileType = wrapper.cfbundle; includeInIndex = 0; path = TelstraTestAppTests.xctest; sourceTree = BUILT_PRODUCTS_DIR; };
		038570B0245808AE0085CA42 /* TelstraTestAppTests.swift */ = {isa = PBXFileReference; lastKnownFileType = sourcecode.swift; path = TelstraTestAppTests.swift; sourceTree = "<group>"; };
		038570B2245808AE0085CA42 /* Info.plist */ = {isa = PBXFileReference; lastKnownFileType = text.plist.xml; path = Info.plist; sourceTree = "<group>"; };
/* End PBXFileReference section */

/* Begin PBXFrameworksBuildPhase section */
		03350F5F244C13BE0022396D /* Frameworks */ = {
			isa = PBXFrameworksBuildPhase;
			buildActionMask = 2147483647;
			files = (
			);
			runOnlyForDeploymentPostprocessing = 0;
		};
		038570AB245808AE0085CA42 /* Frameworks */ = {
			isa = PBXFrameworksBuildPhase;
			buildActionMask = 2147483647;
			files = (
			);
			runOnlyForDeploymentPostprocessing = 0;
		};
/* End PBXFrameworksBuildPhase section */

/* Begin PBXGroup section */
		03350F59244C13BE0022396D = {
			isa = PBXGroup;
			children = (
				030912AB2456C5C000DC6CD1 /* Default-568h@2x.png */,
				03350F64244C13BE0022396D /* TelstraTestApp */,
				038570AF245808AE0085CA42 /* TelstraTestAppTests */,
				03350F63244C13BE0022396D /* Products */,
			);
			sourceTree = "<group>";
		};
		03350F63244C13BE0022396D /* Products */ = {
			isa = PBXGroup;
			children = (
				03350F62244C13BE0022396D /* TelstraTestApp.app */,
				038570AE245808AE0085CA42 /* TelstraTestAppTests.xctest */,
			);
			name = Products;
			sourceTree = "<group>";
		};
		03350F64244C13BE0022396D /* TelstraTestApp */ = {
			isa = PBXGroup;
			children = (
				03350F65244C13BE0022396D /* AppDelegate.swift */,
				03350F99244C14E80022396D /* Model */,
				03350F98244C14D50022396D /* View */,
				03350F9A244C14FF0022396D /* Controller */,
				03350F9B244C15120022396D /* Utility */,
				03350F71244C13BE0022396D /* Assets.xcassets */,
				03350F73244C13BE0022396D /* LaunchScreen.storyboard */,
				03350F76244C13BE0022396D /* Info.plist */,
			);
			path = TelstraTestApp;
			sourceTree = "<group>";
		};
		03350F98244C14D50022396D /* View */ = {
			isa = PBXGroup;
			children = (
				03350FA0244C1C7B0022396D /* CustomTableCell.swift */,
			);
			path = View;
			sourceTree = "<group>";
		};
		03350F99244C14E80022396D /* Model */ = {
			isa = PBXGroup;
			children = (
				03350F9E244C1AB50022396D /* UserModel.swift */,
			);
			path = Model;
			sourceTree = "<group>";
		};
		03350F9A244C14FF0022396D /* Controller */ = {
			isa = PBXGroup;
			children = (
				03350F69244C13BE0022396D /* MainViewController.swift */,
				03350FA2244C1D070022396D /* ServiceManager.swift */,
			);
			path = Controller;
			sourceTree = "<group>";
		};
		03350F9B244C15120022396D /* Utility */ = {
			isa = PBXGroup;
			children = (
				03350FA4244C20080022396D /* TTAppConfig.swift */,
				03350FAA244C23800022396D /* TTUIColorExtension.swift */,
				03350FAC244C23F70022396D /* TTUIImageViewExtension.swift */,
				03350FAE244C241A0022396D /* TTUIViewExtension.swift */,
			);
			path = Utility;
			sourceTree = "<group>";
		};
		038570AF245808AE0085CA42 /* TelstraTestAppTests */ = {
			isa = PBXGroup;
			children = (
				038570B0245808AE0085CA42 /* TelstraTestAppTests.swift */,
				038570B2245808AE0085CA42 /* Info.plist */,
			);
			path = TelstraTestAppTests;
			sourceTree = "<group>";
		};
/* End PBXGroup section */

/* Begin PBXNativeTarget section */
		03350F61244C13BE0022396D /* TelstraTestApp */ = {
			isa = PBXNativeTarget;
			buildConfigurationList = 03350F8F244C13BE0022396D /* Build configuration list for PBXNativeTarget "TelstraTestApp" */;
			buildPhases = (
				03350F5E244C13BE0022396D /* Sources */,
				03350F5F244C13BE0022396D /* Frameworks */,
				03350F60244C13BE0022396D /* Resources */,
			);
			buildRules = (
			);
			dependencies = (
			);
			name = TelstraTestApp;
			productName = TelestraTestApp;
			productReference = 03350F62244C13BE0022396D /* TelstraTestApp.app */;
			productType = "com.apple.product-type.application";
		};
		038570AD245808AE0085CA42 /* TelstraTestAppTests */ = {
			isa = PBXNativeTarget;
			buildConfigurationList = 038570B5245808AE0085CA42 /* Build configuration list for PBXNativeTarget "TelstraTestAppTests" */;
			buildPhases = (
				038570AA245808AE0085CA42 /* Sources */,
				038570AB245808AE0085CA42 /* Frameworks */,
				038570AC245808AE0085CA42 /* Resources */,
			);
			buildRules = (
			);
			dependencies = (
				038570B4245808AE0085CA42 /* PBXTargetDependency */,
			);
			name = TelstraTestAppTests;
			productName = TelstraTestAppTests;
			productReference = 038570AE245808AE0085CA42 /* TelstraTestAppTests.xctest */;
			productType = "com.apple.product-type.bundle.unit-test";
		};
/* End PBXNativeTarget section */

/* Begin PBXProject section */
		03350F5A244C13BE0022396D /* Project object */ = {
			isa = PBXProject;
			attributes = {
				LastSwiftUpdateCheck = 1020;
				LastUpgradeCheck = 1120;
				ORGANIZATIONNAME = "Sachin Randive";
				TargetAttributes = {
					03350F61244C13BE0022396D = {
						CreatedOnToolsVersion = 11.2.1;
					};
					038570AD245808AE0085CA42 = {
						CreatedOnToolsVersion = 10.2.1;
						TestTargetID = 03350F61244C13BE0022396D;
					};
				};
			};
			buildConfigurationList = 03350F5D244C13BE0022396D /* Build configuration list for PBXProject "TelstraTestApp" */;
			compatibilityVersion = "Xcode 9.3";
			developmentRegion = en;
			hasScannedForEncodings = 0;
			knownRegions = (
				en,
				Base,
			);
			mainGroup = 03350F59244C13BE0022396D;
			productRefGroup = 03350F63244C13BE0022396D /* Products */;
			projectDirPath = "";
			projectRoot = "";
			targets = (
				03350F61244C13BE0022396D /* TelstraTestApp */,
				038570AD245808AE0085CA42 /* TelstraTestAppTests */,
			);
		};
/* End PBXProject section */

/* Begin PBXResourcesBuildPhase section */
		03350F60244C13BE0022396D /* Resources */ = {
			isa = PBXResourcesBuildPhase;
			buildActionMask = 2147483647;
			files = (
				03350F75244C13BE0022396D /* LaunchScreen.storyboard in Resources */,
				03350F72244C13BE0022396D /* Assets.xcassets in Resources */,
				030912AC2456C5C000DC6CD1 /* Default-568h@2x.png in Resources */,
			);
			runOnlyForDeploymentPostprocessing = 0;
		};
		038570AC245808AE0085CA42 /* Resources */ = {
			isa = PBXResourcesBuildPhase;
			buildActionMask = 2147483647;
			files = (
			);
			runOnlyForDeploymentPostprocessing = 0;
		};
/* End PBXResourcesBuildPhase section */

/* Begin PBXSourcesBuildPhase section */
		03350F5E244C13BE0022396D /* Sources */ = {
			isa = PBXSourcesBuildPhase;
			buildActionMask = 2147483647;
			files = (
				03350F6A244C13BE0022396D /* MainViewController.swift in Sources */,
				03350F66244C13BE0022396D /* AppDelegate.swift in Sources */,
				03350FAB244C23800022396D /* TTUIColorExtension.swift in Sources */,
				03350FA5244C20080022396D /* TTAppConfig.swift in Sources */,
				03350F9F244C1AB50022396D /* UserModel.swift in Sources */,
				03350FAF244C241A0022396D /* TTUIViewExtension.swift in Sources */,
				03350FAD244C23F70022396D /* TTUIImageViewExtension.swift in Sources */,
				03350FA3244C1D070022396D /* ServiceManager.swift in Sources */,
				03350FA1244C1C7B0022396D /* CustomTableCell.swift in Sources */,
			);
			runOnlyForDeploymentPostprocessing = 0;
		};
		038570AA245808AE0085CA42 /* Sources */ = {
			isa = PBXSourcesBuildPhase;
			buildActionMask = 2147483647;
			files = (
				038570B1245808AE0085CA42 /* TelstraTestAppTests.swift in Sources */,
			);
			runOnlyForDeploymentPostprocessing = 0;
		};
/* End PBXSourcesBuildPhase section */

/* Begin PBXTargetDependency section */
		038570B4245808AE0085CA42 /* PBXTargetDependency */ = {
			isa = PBXTargetDependency;
			target = 03350F61244C13BE0022396D /* TelstraTestApp */;
			targetProxy = 038570B3245808AE0085CA42 /* PBXContainerItemProxy */;
		};
/* End PBXTargetDependency section */

/* Begin PBXVariantGroup section */
		03350F73244C13BE0022396D /* LaunchScreen.storyboard */ = {
			isa = PBXVariantGroup;
			children = (
				03350F74244C13BE0022396D /* Base */,
			);
			name = LaunchScreen.storyboard;
			sourceTree = "<group>";
		};
/* End PBXVariantGroup section */

/* Begin XCBuildConfiguration section */
		03350F8D244C13BE0022396D /* Debug */ = {
			isa = XCBuildConfiguration;
			buildSettings = {
				ALWAYS_SEARCH_USER_PATHS = NO;
				ASSETCATALOG_COMPILER_LAUNCHIMAGE_NAME = "";
				CLANG_ANALYZER_NONNULL = YES;
				CLANG_ANALYZER_NUMBER_OBJECT_CONVERSION = YES_AGGRESSIVE;
				CLANG_CXX_LANGUAGE_STANDARD = "gnu++14";
				CLANG_CXX_LIBRARY = "libc++";
				CLANG_ENABLE_MODULES = YES;
				CLANG_ENABLE_OBJC_ARC = YES;
				CLANG_ENABLE_OBJC_WEAK = YES;
				CLANG_WARN_BLOCK_CAPTURE_AUTORELEASING = YES;
				CLANG_WARN_BOOL_CONVERSION = YES;
				CLANG_WARN_COMMA = YES;
				CLANG_WARN_CONSTANT_CONVERSION = YES;
				CLANG_WARN_DEPRECATED_OBJC_IMPLEMENTATIONS = YES;
				CLANG_WARN_DIRECT_OBJC_ISA_USAGE = YES_ERROR;
				CLANG_WARN_DOCUMENTATION_COMMENTS = YES;
				CLANG_WARN_EMPTY_BODY = YES;
				CLANG_WARN_ENUM_CONVERSION = YES;
				CLANG_WARN_INFINITE_RECURSION = YES;
				CLANG_WARN_INT_CONVERSION = YES;
				CLANG_WARN_NON_LITERAL_NULL_CONVERSION = YES;
				CLANG_WARN_OBJC_IMPLICIT_RETAIN_SELF = YES;
				CLANG_WARN_OBJC_LITERAL_CONVERSION = YES;
				CLANG_WARN_OBJC_ROOT_CLASS = YES_ERROR;
				CLANG_WARN_RANGE_LOOP_ANALYSIS = YES;
				CLANG_WARN_STRICT_PROTOTYPES = YES;
				CLANG_WARN_SUSPICIOUS_MOVE = YES;
				CLANG_WARN_UNGUARDED_AVAILABILITY = YES_AGGRESSIVE;
				CLANG_WARN_UNREACHABLE_CODE = YES;
				CLANG_WARN__DUPLICATE_METHOD_MATCH = YES;
				COPY_PHASE_STRIP = NO;
				DEBUG_INFORMATION_FORMAT = dwarf;
				ENABLE_STRICT_OBJC_MSGSEND = YES;
				ENABLE_TESTABILITY = YES;
				GCC_C_LANGUAGE_STANDARD = gnu11;
				GCC_DYNAMIC_NO_PIC = NO;
				GCC_NO_COMMON_BLOCKS = YES;
				GCC_OPTIMIZATION_LEVEL = 0;
				GCC_PREPROCESSOR_DEFINITIONS = (
					"DEBUG=1",
					"$(inherited)",
				);
				GCC_WARN_64_TO_32_BIT_CONVERSION = YES;
				GCC_WARN_ABOUT_RETURN_TYPE = YES_ERROR;
				GCC_WARN_UNDECLARED_SELECTOR = YES;
				GCC_WARN_UNINITIALIZED_AUTOS = YES_AGGRESSIVE;
				GCC_WARN_UNUSED_FUNCTION = YES;
				GCC_WARN_UNUSED_VARIABLE = YES;
				IPHONEOS_DEPLOYMENT_TARGET = 12.2;
				MTL_ENABLE_DEBUG_INFO = INCLUDE_SOURCE;
				MTL_FAST_MATH = YES;
				ONLY_ACTIVE_ARCH = YES;
				SDKROOT = iphoneos;
				SWIFT_ACTIVE_COMPILATION_CONDITIONS = DEBUG;
				SWIFT_OPTIMIZATION_LEVEL = "-Onone";
			};
			name = Debug;
		};
		03350F8E244C13BE0022396D /* Release */ = {
			isa = XCBuildConfiguration;
			buildSettings = {
				ALWAYS_SEARCH_USER_PATHS = NO;
				ASSETCATALOG_COMPILER_LAUNCHIMAGE_NAME = "";
				CLANG_ANALYZER_NONNULL = YES;
				CLANG_ANALYZER_NUMBER_OBJECT_CONVERSION = YES_AGGRESSIVE;
				CLANG_CXX_LANGUAGE_STANDARD = "gnu++14";
				CLANG_CXX_LIBRARY = "libc++";
				CLANG_ENABLE_MODULES = YES;
				CLANG_ENABLE_OBJC_ARC = YES;
				CLANG_ENABLE_OBJC_WEAK = YES;
				CLANG_WARN_BLOCK_CAPTURE_AUTORELEASING = YES;
				CLANG_WARN_BOOL_CONVERSION = YES;
				CLANG_WARN_COMMA = YES;
				CLANG_WARN_CONSTANT_CONVERSION = YES;
				CLANG_WARN_DEPRECATED_OBJC_IMPLEMENTATIONS = YES;
				CLANG_WARN_DIRECT_OBJC_ISA_USAGE = YES_ERROR;
				CLANG_WARN_DOCUMENTATION_COMMENTS = YES;
				CLANG_WARN_EMPTY_BODY = YES;
				CLANG_WARN_ENUM_CONVERSION = YES;
				CLANG_WARN_INFINITE_RECURSION = YES;
				CLANG_WARN_INT_CONVERSION = YES;
				CLANG_WARN_NON_LITERAL_NULL_CONVERSION = YES;
				CLANG_WARN_OBJC_IMPLICIT_RETAIN_SELF = YES;
				CLANG_WARN_OBJC_LITERAL_CONVERSION = YES;
				CLANG_WARN_OBJC_ROOT_CLASS = YES_ERROR;
				CLANG_WARN_RANGE_LOOP_ANALYSIS = YES;
				CLANG_WARN_STRICT_PROTOTYPES = YES;
				CLANG_WARN_SUSPICIOUS_MOVE = YES;
				CLANG_WARN_UNGUARDED_AVAILABILITY = YES_AGGRESSIVE;
				CLANG_WARN_UNREACHABLE_CODE = YES;
				CLANG_WARN__DUPLICATE_METHOD_MATCH = YES;
				COPY_PHASE_STRIP = NO;
				DEBUG_INFORMATION_FORMAT = "dwarf-with-dsym";
				ENABLE_NS_ASSERTIONS = NO;
				ENABLE_STRICT_OBJC_MSGSEND = YES;
				GCC_C_LANGUAGE_STANDARD = gnu11;
				GCC_NO_COMMON_BLOCKS = YES;
				GCC_WARN_64_TO_32_BIT_CONVERSION = YES;
				GCC_WARN_ABOUT_RETURN_TYPE = YES_ERROR;
				GCC_WARN_UNDECLARED_SELECTOR = YES;
				GCC_WARN_UNINITIALIZED_AUTOS = YES_AGGRESSIVE;
				GCC_WARN_UNUSED_FUNCTION = YES;
				GCC_WARN_UNUSED_VARIABLE = YES;
				IPHONEOS_DEPLOYMENT_TARGET = 12.2;
				MTL_ENABLE_DEBUG_INFO = NO;
				MTL_FAST_MATH = YES;
				SDKROOT = iphoneos;
				SWIFT_COMPILATION_MODE = wholemodule;
				SWIFT_OPTIMIZATION_LEVEL = "-O";
				VALIDATE_PRODUCT = YES;
			};
			name = Release;
		};
		03350F90244C13BE0022396D /* Debug */ = {
			isa = XCBuildConfiguration;
			buildSettings = {
				ASSETCATALOG_COMPILER_APPICON_NAME = AppIcon;
				CODE_SIGN_IDENTITY = "iPhone Developer";
				CODE_SIGN_STYLE = Automatic;
				CURRENT_PROJECT_VERSION = 2;
				DEVELOPMENT_TEAM = XZ43382LHQ;
				INFOPLIST_FILE = TelstraTestApp/Info.plist;
				IPHONEOS_DEPLOYMENT_TARGET = 12.2;
				LD_RUNPATH_SEARCH_PATHS = (
					"$(inherited)",
					"@executable_path/Frameworks",
				);
				PRODUCT_BUNDLE_IDENTIFIER = techM.TelstraTestApp;
				PRODUCT_NAME = TelstraTestApp;
				PROVISIONING_PROFILE_SPECIFIER = "";
				SWIFT_VERSION = 5.0;
				TARGETED_DEVICE_FAMILY = "1,2";
			};
			name = Debug;
		};
		03350F91244C13BE0022396D /* Release */ = {
			isa = XCBuildConfiguration;
			buildSettings = {
				ASSETCATALOG_COMPILER_APPICON_NAME = AppIcon;
				CODE_SIGN_IDENTITY = "iPhone Developer";
				CODE_SIGN_STYLE = Automatic;
				CURRENT_PROJECT_VERSION = 2;
				DEVELOPMENT_TEAM = XZ43382LHQ;
				INFOPLIST_FILE = TelstraTestApp/Info.plist;
				IPHONEOS_DEPLOYMENT_TARGET = 12.2;
				LD_RUNPATH_SEARCH_PATHS = (
					"$(inherited)",
					"@executable_path/Frameworks",
				);
				PRODUCT_BUNDLE_IDENTIFIER = techM.TelstraTestApp;
				PRODUCT_NAME = TelstraTestApp;
				PROVISIONING_PROFILE_SPECIFIER = "";
				SWIFT_VERSION = 5.0;
				TARGETED_DEVICE_FAMILY = "1,2";
			};
			name = Release;
		};
		038570B6245808AE0085CA42 /* Debug */ = {
			isa = XCBuildConfiguration;
			buildSettings = {
				BUNDLE_LOADER = "$(TEST_HOST)";
				CODE_SIGN_IDENTITY = "iPhone Developer";
				CODE_SIGN_STYLE = Automatic;
				DEVELOPMENT_TEAM = XZ43382LHQ;
				INFOPLIST_FILE = TelstraTestAppTests/Info.plist;
				LD_RUNPATH_SEARCH_PATHS = (
					"$(inherited)",
					"@executable_path/Frameworks",
					"@loader_path/Frameworks",
				);
				PRODUCT_BUNDLE_IDENTIFIER = techM.TelstraTestAppTests;
				PRODUCT_NAME = "$(TARGET_NAME)";
				SWIFT_VERSION = 5.0;
				TARGETED_DEVICE_FAMILY = "1,2";
				TEST_HOST = "$(BUILT_PRODUCTS_DIR)/TelstraTestApp.app/TelstraTestApp";
			};
			name = Debug;
		};
		038570B7245808AE0085CA42 /* Release */ = {
			isa = XCBuildConfiguration;
			buildSettings = {
				BUNDLE_LOADER = "$(TEST_HOST)";
				CODE_SIGN_IDENTITY = "iPhone Developer";
				CODE_SIGN_STYLE = Automatic;
				DEVELOPMENT_TEAM = XZ43382LHQ;
				INFOPLIST_FILE = TelstraTestAppTests/Info.plist;
				LD_RUNPATH_SEARCH_PATHS = (
					"$(inherited)",
					"@executable_path/Frameworks",
					"@loader_path/Frameworks",
				);
				PRODUCT_BUNDLE_IDENTIFIER = techM.TelstraTestAppTests;
				PRODUCT_NAME = "$(TARGET_NAME)";
				SWIFT_VERSION = 5.0;
				TARGETED_DEVICE_FAMILY = "1,2";
				TEST_HOST = "$(BUILT_PRODUCTS_DIR)/TelstraTestApp.app/TelstraTestApp";
			};
			name = Release;
		};
/* End XCBuildConfiguration section */

/* Begin XCConfigurationList section */
		03350F5D244C13BE0022396D /* Build configuration list for PBXProject "TelstraTestApp" */ = {
			isa = XCConfigurationList;
			buildConfigurations = (
				03350F8D244C13BE0022396D /* Debug */,
				03350F8E244C13BE0022396D /* Release */,
			);
			defaultConfigurationIsVisible = 0;
			defaultConfigurationName = Release;
		};
		03350F8F244C13BE0022396D /* Build configuration list for PBXNativeTarget "TelstraTestApp" */ = {
			isa = XCConfigurationList;
			buildConfigurations = (
				03350F90244C13BE0022396D /* Debug */,
				03350F91244C13BE0022396D /* Release */,
			);
			defaultConfigurationIsVisible = 0;
			defaultConfigurationName = Release;
		};
		038570B5245808AE0085CA42 /* Build configuration list for PBXNativeTarget "TelstraTestAppTests" */ = {
			isa = XCConfigurationList;
			buildConfigurations = (
				038570B6245808AE0085CA42 /* Debug */,
				038570B7245808AE0085CA42 /* Release */,
			);
			defaultConfigurationIsVisible = 0;
			defaultConfigurationName = Release;
		};
/* End XCConfigurationList section */
	};
	rootObject = 03350F5A244C13BE0022396D /* Project object */;
}
